
Microsoft Visual Studio Solution File, Format Version 12.00
# Visual Studio Version 17
VisualStudioVersion = 17.4.33110.190
MinimumVisualStudioVersion = 10.0.40219.1
Project("{FAE04EC0-301F-11D3-BF4B-00C04F79EFBC}") = "Wingine (Editor)", "Wingine  (Editor)\Wingine (Editor).csproj", "{6559183F-8F82-46ED-A10F-3ECA39358A6C}"
EndProject
Project("{FAE04EC0-301F-11D3-BF4B-00C04F79EFBC}") = "Wingine (Standalone)", "Wingine (Standalone)\Wingine (Standalone).csproj", "{4799E3DE-77FD-4C36-94E2-1CFF319DC169}"
EndProject
Global
	GlobalSection(SolutionConfigurationPlatforms) = preSolution
		Debug|Any CPU = Debug|Any CPU
		Release|Any CPU = Release|Any CPU
	EndGlobalSection
	GlobalSection(ProjectConfigurationPlatforms) = postSolution
		{6559183F-8F82-46ED-A10F-3ECA39358A6C}.Debug|Any CPU.ActiveCfg = Debug|Any CPU
		{6559183F-8F82-46ED-A10F-3ECA39358A6C}.Debug|Any CPU.Build.0 = Debug|Any CPU
		{6559183F-8F82-46ED-A10F-3ECA39358A6C}.Release|Any CPU.ActiveCfg = Release|Any CPU
		{6559183F-8F82-46ED-A10F-3ECA39358A6C}.Release|Any CPU.Build.0 = Release|Any CPU
		{4799E3DE-77FD-4C36-94E2-1CFF319DC169}.Debug|Any CPU.ActiveCfg = Debug|Any CPU
		{4799E3DE-77FD-4C36-94E2-1CFF319DC169}.Debug|Any CPU.Build.0 = Debug|Any CPU
		{4799E3DE-77FD-4C36-94E2-1CFF319DC169}.Release|Any CPU.ActiveCfg = Release|Any CPU
		{4799E3DE-77FD-4C36-94E2-1CFF319DC169}.Release|Any CPU.Build.0 = Release|Any CPU
	EndGlobalSection
	GlobalSection(SolutionProperties) = preSolution
		HideSolutionNode = FALSE
	EndGlobalSection
	GlobalSection(ExtensibilityGlobals) = postSolution
		SolutionGuid = {82014510-F0B3-4B85-ADFC-70742FF7570A}
	EndGlobalSection
EndGlobal
